
Microsoft Visual Studio Solution File, Format Version 12.00
# Visual Studio Version 16
VisualStudioVersion = 16.0.31515.178
MinimumVisualStudioVersion = 10.0.40219.1
Project("{FAE04EC0-301F-11D3-BF4B-00C04F79EFBC}") = "DOSP", "DOSP\DOSP.csproj", "{4CD4B951-4C7E-444D-9743-07C6F3CAE73D}"
EndProject
Global
	GlobalSection(SolutionConfigurationPlatforms) = preSolution
		Debug|Any CPU = Debug|Any CPU
		Release|Any CPU = Release|Any CPU
	EndGlobalSection
	GlobalSection(ProjectConfigurationPlatforms) = postSolution
		{4CD4B951-4C7E-444D-9743-07C6F3CAE73D}.Debug|Any CPU.ActiveCfg = Debug|Any CPU
		{4CD4B951-4C7E-444D-9743-07C6F3CAE73D}.Debug|Any CPU.Build.0 = Debug|Any CPU
		{4CD4B951-4C7E-444D-9743-07C6F3CAE73D}.Release|Any CPU.ActiveCfg = Release|Any CPU
		{4CD4B951-4C7E-444D-9743-07C6F3CAE73D}.Release|Any CPU.Build.0 = Release|Any CPU
	EndGlobalSection
	GlobalSection(SolutionProperties) = preSolution
		HideSolutionNode = FALSE
	EndGlobalSection
	GlobalSection(ExtensibilityGlobals) = postSolution
		SolutionGuid = {808C6CCF-3FA6-434C-85B8-B7F28E0F4901}
	EndGlobalSection
EndGlobal
